
Microsoft Visual Studio Solution File, Format Version 12.00
# Visual Studio 15
VisualStudioVersion = 15.0.27428.2015
MinimumVisualStudioVersion = 10.0.40219.1
Project("{8BC9CEB8-8B4A-11D0-8D11-00A0C91BC942}") = "QuadTree", "QuadTree\QuadTree.vcxproj", "{D15EA07F-9BA8-412A-9C2C-F9E217327B7C}"
EndProject
Global
	GlobalSection(SolutionConfigurationPlatforms) = preSolution
		Debug|x64 = Debug|x64
		Debug|x86 = Debug|x86
		Release|x64 = Release|x64
		Release|x86 = Release|x86
	EndGlobalSection
	GlobalSection(ProjectConfigurationPlatforms) = postSolution
		{D15EA07F-9BA8-412A-9C2C-F9E217327B7C}.Debug|x64.ActiveCfg = Debug|x64
		{D15EA07F-9BA8-412A-9C2C-F9E217327B7C}.Debug|x64.Build.0 = Debug|x64
		{D15EA07F-9BA8-412A-9C2C-F9E217327B7C}.Debug|x86.ActiveCfg = Debug|Win32
		{D15EA07F-9BA8-412A-9C2C-F9E217327B7C}.Debug|x86.Build.0 = Debug|Win32
		{D15EA07F-9BA8-412A-9C2C-F9E217327B7C}.Release|x64.ActiveCfg = Release|x64
		{D15EA07F-9BA8-412A-9C2C-F9E217327B7C}.Release|x64.Build.0 = Release|x64
		{D15EA07F-9BA8-412A-9C2C-F9E217327B7C}.Release|x86.ActiveCfg = Release|Win32
		{D15EA07F-9BA8-412A-9C2C-F9E217327B7C}.Release|x86.Build.0 = Release|Win32
	EndGlobalSection
	GlobalSection(SolutionProperties) = preSolution
		HideSolutionNode = FALSE
	EndGlobalSection
	GlobalSection(ExtensibilityGlobals) = postSolution
		SolutionGuid = {7306BF88-7AA1-45A5-BC01-B6D89A35911A}
	EndGlobalSection
EndGlobal
