
Microsoft Visual Studio Solution File, Format Version 12.00
# Visual Studio 15
VisualStudioVersion = 15.0.26730.8
MinimumVisualStudioVersion = 10.0.40219.1
Project("{8BC9CEB8-8B4A-11D0-8D11-00A0C91BC942}") = "GridDrawer", "GridDrawer\GridDrawer.vcxproj", "{ACCBFE80-7989-4785-9CA8-FD13ADF2A657}"
EndProject
Global
	GlobalSection(SolutionConfigurationPlatforms) = preSolution
		Debug|x64 = Debug|x64
		Debug|x86 = Debug|x86
		Release|x64 = Release|x64
		Release|x86 = Release|x86
	EndGlobalSection
	GlobalSection(ProjectConfigurationPlatforms) = postSolution
		{ACCBFE80-7989-4785-9CA8-FD13ADF2A657}.Debug|x64.ActiveCfg = Debug|x64
		{ACCBFE80-7989-4785-9CA8-FD13ADF2A657}.Debug|x64.Build.0 = Debug|x64
		{ACCBFE80-7989-4785-9CA8-FD13ADF2A657}.Debug|x86.ActiveCfg = Debug|Win32
		{ACCBFE80-7989-4785-9CA8-FD13ADF2A657}.Debug|x86.Build.0 = Debug|Win32
		{ACCBFE80-7989-4785-9CA8-FD13ADF2A657}.Release|x64.ActiveCfg = Release|x64
		{ACCBFE80-7989-4785-9CA8-FD13ADF2A657}.Release|x64.Build.0 = Release|x64
		{ACCBFE80-7989-4785-9CA8-FD13ADF2A657}.Release|x86.ActiveCfg = Release|Win32
		{ACCBFE80-7989-4785-9CA8-FD13ADF2A657}.Release|x86.Build.0 = Release|Win32
	EndGlobalSection
	GlobalSection(SolutionProperties) = preSolution
		HideSolutionNode = FALSE
	EndGlobalSection
	GlobalSection(ExtensibilityGlobals) = postSolution
		SolutionGuid = {D0D431AE-D4D6-42B8-BB6E-C57F4B7B37D6}
	EndGlobalSection
EndGlobal
