
Microsoft Visual Studio Solution File, Format Version 12.00
# Visual Studio 15
VisualStudioVersion = 15.0.27130.2010
MinimumVisualStudioVersion = 10.0.40219.1
Project("{8BC9CEB8-8B4A-11D0-8D11-00A0C91BC942}") = "GameEngine", "GameEngine\GameEngine.vcxproj", "{2D76CAEC-E965-406C-841C-5446364CAEE5}"
EndProject
Global
	GlobalSection(SolutionConfigurationPlatforms) = preSolution
		Debug|x64 = Debug|x64
		Debug|x86 = Debug|x86
		Release|x64 = Release|x64
		Release|x86 = Release|x86
	EndGlobalSection
	GlobalSection(ProjectConfigurationPlatforms) = postSolution
		{2D76CAEC-E965-406C-841C-5446364CAEE5}.Debug|x64.ActiveCfg = Debug|x64
		{2D76CAEC-E965-406C-841C-5446364CAEE5}.Debug|x64.Build.0 = Debug|x64
		{2D76CAEC-E965-406C-841C-5446364CAEE5}.Debug|x86.ActiveCfg = Debug|Win32
		{2D76CAEC-E965-406C-841C-5446364CAEE5}.Debug|x86.Build.0 = Debug|Win32
		{2D76CAEC-E965-406C-841C-5446364CAEE5}.Release|x64.ActiveCfg = Release|x64
		{2D76CAEC-E965-406C-841C-5446364CAEE5}.Release|x64.Build.0 = Release|x64
		{2D76CAEC-E965-406C-841C-5446364CAEE5}.Release|x86.ActiveCfg = Release|Win32
		{2D76CAEC-E965-406C-841C-5446364CAEE5}.Release|x86.Build.0 = Release|Win32
	EndGlobalSection
	GlobalSection(SolutionProperties) = preSolution
		HideSolutionNode = FALSE
	EndGlobalSection
	GlobalSection(ExtensibilityGlobals) = postSolution
		SolutionGuid = {BE69F060-FA41-4D0A-A245-76FF0D46E6F5}
	EndGlobalSection
EndGlobal
